
Microsoft Visual Studio Solution File, Format Version 12.00
# Visual Studio 15
Project("{FAE04EC0-301F-11D3-BF4B-00C04F79EFBC}") = "Unite.Genome.Feed", "Unite.Genome.Feed\Unite.Genome.Feed.csproj", "{D550014F-8B1C-4B6C-B883-A2DB3F36B7C2}"
EndProject
Project("{FAE04EC0-301F-11D3-BF4B-00C04F79EFBC}") = "Unite.Genome.Feed.Web", "Unite.Genome.Feed.Web\Unite.Genome.Feed.Web.csproj", "{4D1E0C63-07CD-45E0-B924-A433CAD45979}"
EndProject
Project("{FAE04EC0-301F-11D3-BF4B-00C04F79EFBC}") = "Unite.Genome.Indices", "Unite.Genome.Indices\Unite.Genome.Indices.csproj", "{012AD588-E1BB-41B3-BDE2-6F72C2FE3D09}"
EndProject
Project("{FAE04EC0-301F-11D3-BF4B-00C04F79EFBC}") = "Unite.Genome.Annotations", "Unite.Genome.Annotations\Unite.Genome.Annotations.csproj", "{1E1446AA-12E4-43B3-B622-23AB92777984}"
EndProject
Project("{FAE04EC0-301F-11D3-BF4B-00C04F79EFBC}") = "Unite.Genome.Annotations.Tests", "Unite.Genome.Annotations.Tests\Unite.Genome.Annotations.Tests.csproj", "{FCEBAD03-97F9-4D5E-BA46-F022A94DD3BA}"
EndProject
Global
	GlobalSection(SolutionConfigurationPlatforms) = preSolution
		Debug|Any CPU = Debug|Any CPU
		Release|Any CPU = Release|Any CPU
	EndGlobalSection
	GlobalSection(ProjectConfigurationPlatforms) = postSolution
		{D550014F-8B1C-4B6C-B883-A2DB3F36B7C2}.Debug|Any CPU.ActiveCfg = Debug|Any CPU
		{D550014F-8B1C-4B6C-B883-A2DB3F36B7C2}.Debug|Any CPU.Build.0 = Debug|Any CPU
		{D550014F-8B1C-4B6C-B883-A2DB3F36B7C2}.Release|Any CPU.ActiveCfg = Release|Any CPU
		{D550014F-8B1C-4B6C-B883-A2DB3F36B7C2}.Release|Any CPU.Build.0 = Release|Any CPU
		{4D1E0C63-07CD-45E0-B924-A433CAD45979}.Debug|Any CPU.ActiveCfg = Debug|Any CPU
		{4D1E0C63-07CD-45E0-B924-A433CAD45979}.Debug|Any CPU.Build.0 = Debug|Any CPU
		{4D1E0C63-07CD-45E0-B924-A433CAD45979}.Release|Any CPU.ActiveCfg = Release|Any CPU
		{4D1E0C63-07CD-45E0-B924-A433CAD45979}.Release|Any CPU.Build.0 = Release|Any CPU
		{012AD588-E1BB-41B3-BDE2-6F72C2FE3D09}.Debug|Any CPU.ActiveCfg = Debug|Any CPU
		{012AD588-E1BB-41B3-BDE2-6F72C2FE3D09}.Debug|Any CPU.Build.0 = Debug|Any CPU
		{012AD588-E1BB-41B3-BDE2-6F72C2FE3D09}.Release|Any CPU.ActiveCfg = Release|Any CPU
		{012AD588-E1BB-41B3-BDE2-6F72C2FE3D09}.Release|Any CPU.Build.0 = Release|Any CPU
		{1E1446AA-12E4-43B3-B622-23AB92777984}.Debug|Any CPU.ActiveCfg = Debug|Any CPU
		{1E1446AA-12E4-43B3-B622-23AB92777984}.Debug|Any CPU.Build.0 = Debug|Any CPU
		{1E1446AA-12E4-43B3-B622-23AB92777984}.Release|Any CPU.ActiveCfg = Release|Any CPU
		{1E1446AA-12E4-43B3-B622-23AB92777984}.Release|Any CPU.Build.0 = Release|Any CPU
		{FCEBAD03-97F9-4D5E-BA46-F022A94DD3BA}.Debug|Any CPU.ActiveCfg = Debug|Any CPU
		{FCEBAD03-97F9-4D5E-BA46-F022A94DD3BA}.Debug|Any CPU.Build.0 = Debug|Any CPU
		{FCEBAD03-97F9-4D5E-BA46-F022A94DD3BA}.Release|Any CPU.ActiveCfg = Release|Any CPU
		{FCEBAD03-97F9-4D5E-BA46-F022A94DD3BA}.Release|Any CPU.Build.0 = Release|Any CPU
	EndGlobalSection
EndGlobal
