
Microsoft Visual Studio Solution File, Format Version 12.00
# Visual Studio 15
Project("{FAE04EC0-301F-11D3-BF4B-00C04F79EFBC}") = "Unite.Mutations.Feed.Web", "Unite.Mutations.Feed.Web\Unite.Mutations.Feed.Web.csproj", "{B3DDBCF8-D66B-4A43-9030-EE65EDB41AA6}"
EndProject
Project("{FAE04EC0-301F-11D3-BF4B-00C04F79EFBC}") = "Unite.Mutations.Feed", "Unite.Mutations.Feed\Unite.Mutations.Feed.csproj", "{3B7D74B8-A555-45E8-A1A6-D56B17240D39}"
EndProject
Project("{FAE04EC0-301F-11D3-BF4B-00C04F79EFBC}") = "Unite.Mutations.Indices", "Unite.Mutations.Indices\Unite.Mutations.Indices.csproj", "{09660808-8541-432B-96D0-26FC90F5D509}"
EndProject
Project("{FAE04EC0-301F-11D3-BF4B-00C04F79EFBC}") = "Unite.Mutations.Annotations", "Unite.Mutations.Annotations\Unite.Mutations.Annotations.csproj", "{871AF5F5-6C91-4B60-83CB-3E4335A54546}"
EndProject
Global
	GlobalSection(SolutionConfigurationPlatforms) = preSolution
		Debug|Any CPU = Debug|Any CPU
		Release|Any CPU = Release|Any CPU
	EndGlobalSection
	GlobalSection(ProjectConfigurationPlatforms) = postSolution
		{B3DDBCF8-D66B-4A43-9030-EE65EDB41AA6}.Debug|Any CPU.ActiveCfg = Debug|Any CPU
		{B3DDBCF8-D66B-4A43-9030-EE65EDB41AA6}.Debug|Any CPU.Build.0 = Debug|Any CPU
		{B3DDBCF8-D66B-4A43-9030-EE65EDB41AA6}.Release|Any CPU.ActiveCfg = Release|Any CPU
		{B3DDBCF8-D66B-4A43-9030-EE65EDB41AA6}.Release|Any CPU.Build.0 = Release|Any CPU
		{3B7D74B8-A555-45E8-A1A6-D56B17240D39}.Debug|Any CPU.ActiveCfg = Debug|Any CPU
		{3B7D74B8-A555-45E8-A1A6-D56B17240D39}.Debug|Any CPU.Build.0 = Debug|Any CPU
		{3B7D74B8-A555-45E8-A1A6-D56B17240D39}.Release|Any CPU.ActiveCfg = Release|Any CPU
		{3B7D74B8-A555-45E8-A1A6-D56B17240D39}.Release|Any CPU.Build.0 = Release|Any CPU
		{09660808-8541-432B-96D0-26FC90F5D509}.Debug|Any CPU.ActiveCfg = Debug|Any CPU
		{09660808-8541-432B-96D0-26FC90F5D509}.Debug|Any CPU.Build.0 = Debug|Any CPU
		{09660808-8541-432B-96D0-26FC90F5D509}.Release|Any CPU.ActiveCfg = Release|Any CPU
		{09660808-8541-432B-96D0-26FC90F5D509}.Release|Any CPU.Build.0 = Release|Any CPU
		{871AF5F5-6C91-4B60-83CB-3E4335A54546}.Debug|Any CPU.ActiveCfg = Debug|Any CPU
		{871AF5F5-6C91-4B60-83CB-3E4335A54546}.Debug|Any CPU.Build.0 = Debug|Any CPU
		{871AF5F5-6C91-4B60-83CB-3E4335A54546}.Release|Any CPU.ActiveCfg = Release|Any CPU
		{871AF5F5-6C91-4B60-83CB-3E4335A54546}.Release|Any CPU.Build.0 = Release|Any CPU
	EndGlobalSection
EndGlobal
